<Solution>
  <Project Path="frontend/frontend.esproj">
    <Build />
    <Deploy />
  </Project>
  <Project Path="order-system-modular-monolith.Api/order-system-modular-monolith.Api.csproj" />
  <Project Path="order-system-modular-monolith.AppHost/order-system-modular-monolith.AppHost.csproj" />
  <Project Path="order-system-modular-monolith.BuildingBlocks/order-system-modular-monolith.BuildingBlocks.csproj" />
  <Project Path="order-system-modular-monolith.Server/order-system-modular-monolith.Server.csproj" />
  <Project Path="order-system-modular-monolith.ServiceDefaults/order-system-modular-monolith.ServiceDefaults.csproj" Id="1c8df278-b3c0-42db-a885-ee065ea7df26" />
</Solution>
